
Microsoft Visual Studio Solution File, Format Version 12.00
# Visual Studio Version 17
VisualStudioVersion = 17.9.34607.119
MinimumVisualStudioVersion = 10.0.40219.1
Project("{FAE04EC0-301F-11D3-BF4B-00C04F79EFBC}") = "Bowling", "Bowling\Bowling.csproj", "{9601AD53-056B-4F39-9D82-B030F4709817}"
EndProject
Project("{FAE04EC0-301F-11D3-BF4B-00C04F79EFBC}") = "TestProject1", "Tests\TestProject1\TestProject1.csproj", "{8EEDC975-22A5-4DD7-8BE2-0074E5D2F035}"
EndProject
Global
	GlobalSection(SolutionConfigurationPlatforms) = preSolution
		Debug|Any CPU = Debug|Any CPU
		Release|Any CPU = Release|Any CPU
	EndGlobalSection
	GlobalSection(ProjectConfigurationPlatforms) = postSolution
		{9601AD53-056B-4F39-9D82-B030F4709817}.Debug|Any CPU.ActiveCfg = Debug|Any CPU
		{9601AD53-056B-4F39-9D82-B030F4709817}.Debug|Any CPU.Build.0 = Debug|Any CPU
		{9601AD53-056B-4F39-9D82-B030F4709817}.Release|Any CPU.ActiveCfg = Release|Any CPU
		{9601AD53-056B-4F39-9D82-B030F4709817}.Release|Any CPU.Build.0 = Release|Any CPU
		{8EEDC975-22A5-4DD7-8BE2-0074E5D2F035}.Debug|Any CPU.ActiveCfg = Debug|Any CPU
		{8EEDC975-22A5-4DD7-8BE2-0074E5D2F035}.Debug|Any CPU.Build.0 = Debug|Any CPU
		{8EEDC975-22A5-4DD7-8BE2-0074E5D2F035}.Release|Any CPU.ActiveCfg = Release|Any CPU
		{8EEDC975-22A5-4DD7-8BE2-0074E5D2F035}.Release|Any CPU.Build.0 = Release|Any CPU
	EndGlobalSection
	GlobalSection(SolutionProperties) = preSolution
		HideSolutionNode = FALSE
	EndGlobalSection
	GlobalSection(ExtensibilityGlobals) = postSolution
		SolutionGuid = {1BA35DBA-BA8A-4A4A-AA03-5CA6D986160E}
	EndGlobalSection
EndGlobal
