
Microsoft Visual Studio Solution File, Format Version 12.00
# Visual Studio Version 17
VisualStudioVersion = 17.9.34607.119
MinimumVisualStudioVersion = 10.0.40219.1
Project("{9A19103F-16F7-4668-BE54-9A1E7A4F7556}") = "Bowling", "tdd\Bowling.csproj", "{297E113F-9175-4EB0-A17C-3158FF618F81}"
EndProject
Project("{9A19103F-16F7-4668-BE54-9A1E7A4F7556}") = "TestProject1", "TestProject2\TestProject1.csproj", "{9824755F-B567-4D94-95B6-3CCEF1C37EAE}"
EndProject
Global
	GlobalSection(SolutionConfigurationPlatforms) = preSolution
		Debug|Any CPU = Debug|Any CPU
		Release|Any CPU = Release|Any CPU
	EndGlobalSection
	GlobalSection(ProjectConfigurationPlatforms) = postSolution
		{297E113F-9175-4EB0-A17C-3158FF618F81}.Debug|Any CPU.ActiveCfg = Debug|Any CPU
		{297E113F-9175-4EB0-A17C-3158FF618F81}.Debug|Any CPU.Build.0 = Debug|Any CPU
		{297E113F-9175-4EB0-A17C-3158FF618F81}.Release|Any CPU.ActiveCfg = Release|Any CPU
		{297E113F-9175-4EB0-A17C-3158FF618F81}.Release|Any CPU.Build.0 = Release|Any CPU
		{9824755F-B567-4D94-95B6-3CCEF1C37EAE}.Debug|Any CPU.ActiveCfg = Debug|Any CPU
		{9824755F-B567-4D94-95B6-3CCEF1C37EAE}.Debug|Any CPU.Build.0 = Debug|Any CPU
		{9824755F-B567-4D94-95B6-3CCEF1C37EAE}.Release|Any CPU.ActiveCfg = Release|Any CPU
		{9824755F-B567-4D94-95B6-3CCEF1C37EAE}.Release|Any CPU.Build.0 = Release|Any CPU
	EndGlobalSection
	GlobalSection(SolutionProperties) = preSolution
		HideSolutionNode = FALSE
	EndGlobalSection
	GlobalSection(ExtensibilityGlobals) = postSolution
		SolutionGuid = {1BA35DBA-BA8A-4A4A-AA03-5CA6D986160E}
	EndGlobalSection
EndGlobal
